
Microsoft Visual Studio Solution File, Format Version 12.00
# Visual Studio Version 16
VisualStudioVersion = 16.0.30114.105
MinimumVisualStudioVersion = 10.0.40219.1
Project("{FAE04EC0-301F-11D3-BF4B-00C04F79EFBC}") = "Project1", "Project1\Project1.csproj", "{3DB0CB18-1A13-4065-B1A3-F0E7214835BD}"
EndProject
Project("{FAE04EC0-301F-11D3-BF4B-00C04F79EFBC}") = "Project1.Application", "Project1.Application\Project1.Application.csproj", "{1BF58E98-7790-480C-B628-CA6B227F5714}"
EndProject
Project("{FAE04EC0-301F-11D3-BF4B-00C04F79EFBC}") = "Project1.Domain", "Project1.Domain\Project1.Domain.csproj", "{C103E03B-B2D5-4372-B6F4-1C56B5D80D48}"
EndProject
Project("{FAE04EC0-301F-11D3-BF4B-00C04F79EFBC}") = "Project1.Infrastructure", "Project1.Infrastructure\Project1.Infrastructure.csproj", "{35C07902-B805-47AA-A9CD-E5C909A9A939}"
EndProject
Global
	GlobalSection(SolutionConfigurationPlatforms) = preSolution
		Debug|Any CPU = Debug|Any CPU
		Release|Any CPU = Release|Any CPU
	EndGlobalSection
	GlobalSection(SolutionProperties) = preSolution
		HideSolutionNode = FALSE
	EndGlobalSection
	GlobalSection(ProjectConfigurationPlatforms) = postSolution
		{3DB0CB18-1A13-4065-B1A3-F0E7214835BD}.Debug|Any CPU.ActiveCfg = Debug|Any CPU
		{3DB0CB18-1A13-4065-B1A3-F0E7214835BD}.Debug|Any CPU.Build.0 = Debug|Any CPU
		{3DB0CB18-1A13-4065-B1A3-F0E7214835BD}.Release|Any CPU.ActiveCfg = Release|Any CPU
		{3DB0CB18-1A13-4065-B1A3-F0E7214835BD}.Release|Any CPU.Build.0 = Release|Any CPU
		{1BF58E98-7790-480C-B628-CA6B227F5714}.Debug|Any CPU.ActiveCfg = Debug|Any CPU
		{1BF58E98-7790-480C-B628-CA6B227F5714}.Debug|Any CPU.Build.0 = Debug|Any CPU
		{1BF58E98-7790-480C-B628-CA6B227F5714}.Release|Any CPU.ActiveCfg = Release|Any CPU
		{1BF58E98-7790-480C-B628-CA6B227F5714}.Release|Any CPU.Build.0 = Release|Any CPU
		{C103E03B-B2D5-4372-B6F4-1C56B5D80D48}.Debug|Any CPU.ActiveCfg = Debug|Any CPU
		{C103E03B-B2D5-4372-B6F4-1C56B5D80D48}.Debug|Any CPU.Build.0 = Debug|Any CPU
		{C103E03B-B2D5-4372-B6F4-1C56B5D80D48}.Release|Any CPU.ActiveCfg = Release|Any CPU
		{C103E03B-B2D5-4372-B6F4-1C56B5D80D48}.Release|Any CPU.Build.0 = Release|Any CPU
		{35C07902-B805-47AA-A9CD-E5C909A9A939}.Debug|Any CPU.ActiveCfg = Debug|Any CPU
		{35C07902-B805-47AA-A9CD-E5C909A9A939}.Debug|Any CPU.Build.0 = Debug|Any CPU
		{35C07902-B805-47AA-A9CD-E5C909A9A939}.Release|Any CPU.ActiveCfg = Release|Any CPU
		{35C07902-B805-47AA-A9CD-E5C909A9A939}.Release|Any CPU.Build.0 = Release|Any CPU
	EndGlobalSection
EndGlobal
